
Microsoft Visual Studio Solution File, Format Version 12.00
# Visual Studio Version 17
VisualStudioVersion = 17.10.34916.146
MinimumVisualStudioVersion = 10.0.40219.1
Project("{2150E333-8FDC-42A3-9474-1A3956D46DE8}") = "lesson_1", "lesson_1", "{628129E6-D52C-4954-95DB-3CB0A04B5A49}"
EndProject
Project("{2150E333-8FDC-42A3-9474-1A3956D46DE8}") = "lesson_2", "lesson_2", "{99DE852B-300B-4D0A-AFA1-BA271C7253DE}"
EndProject
Project("{2150E333-8FDC-42A3-9474-1A3956D46DE8}") = "homework", "homework", "{B8165F38-AF59-460A-93E9-F3038B763135}"
EndProject
Project("{2150E333-8FDC-42A3-9474-1A3956D46DE8}") = "practice", "practice", "{42B70E62-6EA0-4309-8F51-7635BE5054F9}"
EndProject
Project("{2150E333-8FDC-42A3-9474-1A3956D46DE8}") = "meet_1", "meet_1", "{BF5A8E29-DC7A-45D7-B7BC-21541379D285}"
EndProject
Project("{2150E333-8FDC-42A3-9474-1A3956D46DE8}") = "meet_2", "meet_2", "{62F6988A-9FDC-424C-A0A6-E041B1D55C21}"
EndProject
Project("{2150E333-8FDC-42A3-9474-1A3956D46DE8}") = "meet_1", "meet_1", "{196867E5-6A91-40B1-9F4B-599709A0AA47}"
EndProject
Project("{2150E333-8FDC-42A3-9474-1A3956D46DE8}") = "meet_3", "meet_3", "{28383517-F3FA-4E08-80EC-F2DBAFE3B3EA}"
EndProject
Project("{2150E333-8FDC-42A3-9474-1A3956D46DE8}") = "meet_2", "meet_2", "{964397B0-732D-4A6F-A0B4-32A1C7DCFE2A}"
EndProject
Project("{2150E333-8FDC-42A3-9474-1A3956D46DE8}") = "meet_3", "meet_3", "{351129C1-FEA8-4C71-9313-3D85A2A57A5B}"
EndProject
Project("{2150E333-8FDC-42A3-9474-1A3956D46DE8}") = "homeworkAfterLesson", "homeworkAfterLesson", "{D2E8A0DA-8060-4E09-9059-54CE546246D9}"
EndProject
Project("{8BC9CEB8-8B4A-11D0-8D11-00A0C91BC942}") = "task_2", "lesson_1\practice\meet_1\task_2\task_2.vcxproj", "{5364B07B-22A1-44BE-BC11-DDAFB951C1EE}"
EndProject
Project("{8BC9CEB8-8B4A-11D0-8D11-00A0C91BC942}") = "task_1", "lesson_1\practice\meet_2\task_1\task_1.vcxproj", "{5077964E-6DC7-4D91-A06B-41DC81074B89}"
EndProject
Project("{8BC9CEB8-8B4A-11D0-8D11-00A0C91BC942}") = "task_1", "lesson_1\homework\meet_1\task_1\task_1.vcxproj", "{B8D20F4A-166A-44D3-99E2-004CE9004EB3}"
EndProject
Project("{8BC9CEB8-8B4A-11D0-8D11-00A0C91BC942}") = "task_1", "lesson_1\homeworkAfterLesson\task_1\task_1.vcxproj", "{5DA2ED30-967F-4BB1-89A4-F3797AD95C6B}"
EndProject
Project("{8BC9CEB8-8B4A-11D0-8D11-00A0C91BC942}") = "task_2", "lesson_1\homeworkAfterLesson\task_2\task_2.vcxproj", "{1DD20640-C9C7-450B-AF39-B356EFCD83F9}"
EndProject
Project("{8BC9CEB8-8B4A-11D0-8D11-00A0C91BC942}") = "task_1", "lesson_1\practice\meet_1\task_1\task_1.vcxproj", "{4E61490C-341E-41B9-8F42-C9BE7103EE04}"
EndProject
Project("{8BC9CEB8-8B4A-11D0-8D11-00A0C91BC942}") = "task_4", "lesson_1\practice\meet_2\task_4\task_4.vcxproj", "{5C8A78D0-907E-4500-BB51-68921709324A}"
EndProject
Global
	GlobalSection(SolutionConfigurationPlatforms) = preSolution
		Debug|x64 = Debug|x64
		Debug|x86 = Debug|x86
		Release|x64 = Release|x64
		Release|x86 = Release|x86
	EndGlobalSection
	GlobalSection(ProjectConfigurationPlatforms) = postSolution
		{5364B07B-22A1-44BE-BC11-DDAFB951C1EE}.Debug|x64.ActiveCfg = Debug|x64
		{5364B07B-22A1-44BE-BC11-DDAFB951C1EE}.Debug|x64.Build.0 = Debug|x64
		{5364B07B-22A1-44BE-BC11-DDAFB951C1EE}.Debug|x86.ActiveCfg = Debug|Win32
		{5364B07B-22A1-44BE-BC11-DDAFB951C1EE}.Debug|x86.Build.0 = Debug|Win32
		{5364B07B-22A1-44BE-BC11-DDAFB951C1EE}.Release|x64.ActiveCfg = Release|x64
		{5364B07B-22A1-44BE-BC11-DDAFB951C1EE}.Release|x64.Build.0 = Release|x64
		{5364B07B-22A1-44BE-BC11-DDAFB951C1EE}.Release|x86.ActiveCfg = Release|Win32
		{5364B07B-22A1-44BE-BC11-DDAFB951C1EE}.Release|x86.Build.0 = Release|Win32
		{5077964E-6DC7-4D91-A06B-41DC81074B89}.Debug|x64.ActiveCfg = Debug|x64
		{5077964E-6DC7-4D91-A06B-41DC81074B89}.Debug|x64.Build.0 = Debug|x64
		{5077964E-6DC7-4D91-A06B-41DC81074B89}.Debug|x86.ActiveCfg = Debug|Win32
		{5077964E-6DC7-4D91-A06B-41DC81074B89}.Debug|x86.Build.0 = Debug|Win32
		{5077964E-6DC7-4D91-A06B-41DC81074B89}.Release|x64.ActiveCfg = Release|x64
		{5077964E-6DC7-4D91-A06B-41DC81074B89}.Release|x64.Build.0 = Release|x64
		{5077964E-6DC7-4D91-A06B-41DC81074B89}.Release|x86.ActiveCfg = Release|Win32
		{5077964E-6DC7-4D91-A06B-41DC81074B89}.Release|x86.Build.0 = Release|Win32
		{B8D20F4A-166A-44D3-99E2-004CE9004EB3}.Debug|x64.ActiveCfg = Debug|x64
		{B8D20F4A-166A-44D3-99E2-004CE9004EB3}.Debug|x64.Build.0 = Debug|x64
		{B8D20F4A-166A-44D3-99E2-004CE9004EB3}.Debug|x86.ActiveCfg = Debug|Win32
		{B8D20F4A-166A-44D3-99E2-004CE9004EB3}.Debug|x86.Build.0 = Debug|Win32
		{B8D20F4A-166A-44D3-99E2-004CE9004EB3}.Release|x64.ActiveCfg = Release|x64
		{B8D20F4A-166A-44D3-99E2-004CE9004EB3}.Release|x64.Build.0 = Release|x64
		{B8D20F4A-166A-44D3-99E2-004CE9004EB3}.Release|x86.ActiveCfg = Release|Win32
		{B8D20F4A-166A-44D3-99E2-004CE9004EB3}.Release|x86.Build.0 = Release|Win32
		{5DA2ED30-967F-4BB1-89A4-F3797AD95C6B}.Debug|x64.ActiveCfg = Debug|x64
		{5DA2ED30-967F-4BB1-89A4-F3797AD95C6B}.Debug|x64.Build.0 = Debug|x64
		{5DA2ED30-967F-4BB1-89A4-F3797AD95C6B}.Debug|x86.ActiveCfg = Debug|Win32
		{5DA2ED30-967F-4BB1-89A4-F3797AD95C6B}.Debug|x86.Build.0 = Debug|Win32
		{5DA2ED30-967F-4BB1-89A4-F3797AD95C6B}.Release|x64.ActiveCfg = Release|x64
		{5DA2ED30-967F-4BB1-89A4-F3797AD95C6B}.Release|x64.Build.0 = Release|x64
		{5DA2ED30-967F-4BB1-89A4-F3797AD95C6B}.Release|x86.ActiveCfg = Release|Win32
		{5DA2ED30-967F-4BB1-89A4-F3797AD95C6B}.Release|x86.Build.0 = Release|Win32
		{1DD20640-C9C7-450B-AF39-B356EFCD83F9}.Debug|x64.ActiveCfg = Debug|x64
		{1DD20640-C9C7-450B-AF39-B356EFCD83F9}.Debug|x64.Build.0 = Debug|x64
		{1DD20640-C9C7-450B-AF39-B356EFCD83F9}.Debug|x86.ActiveCfg = Debug|Win32
		{1DD20640-C9C7-450B-AF39-B356EFCD83F9}.Debug|x86.Build.0 = Debug|Win32
		{1DD20640-C9C7-450B-AF39-B356EFCD83F9}.Release|x64.ActiveCfg = Release|x64
		{1DD20640-C9C7-450B-AF39-B356EFCD83F9}.Release|x64.Build.0 = Release|x64
		{1DD20640-C9C7-450B-AF39-B356EFCD83F9}.Release|x86.ActiveCfg = Release|Win32
		{1DD20640-C9C7-450B-AF39-B356EFCD83F9}.Release|x86.Build.0 = Release|Win32
		{4E61490C-341E-41B9-8F42-C9BE7103EE04}.Debug|x64.ActiveCfg = Debug|x64
		{4E61490C-341E-41B9-8F42-C9BE7103EE04}.Debug|x64.Build.0 = Debug|x64
		{4E61490C-341E-41B9-8F42-C9BE7103EE04}.Debug|x86.ActiveCfg = Debug|Win32
		{4E61490C-341E-41B9-8F42-C9BE7103EE04}.Debug|x86.Build.0 = Debug|Win32
		{4E61490C-341E-41B9-8F42-C9BE7103EE04}.Release|x64.ActiveCfg = Release|x64
		{4E61490C-341E-41B9-8F42-C9BE7103EE04}.Release|x64.Build.0 = Release|x64
		{4E61490C-341E-41B9-8F42-C9BE7103EE04}.Release|x86.ActiveCfg = Release|Win32
		{4E61490C-341E-41B9-8F42-C9BE7103EE04}.Release|x86.Build.0 = Release|Win32
		{5C8A78D0-907E-4500-BB51-68921709324A}.Debug|x64.ActiveCfg = Debug|x64
		{5C8A78D0-907E-4500-BB51-68921709324A}.Debug|x64.Build.0 = Debug|x64
		{5C8A78D0-907E-4500-BB51-68921709324A}.Debug|x86.ActiveCfg = Debug|Win32
		{5C8A78D0-907E-4500-BB51-68921709324A}.Debug|x86.Build.0 = Debug|Win32
		{5C8A78D0-907E-4500-BB51-68921709324A}.Release|x64.ActiveCfg = Release|x64
		{5C8A78D0-907E-4500-BB51-68921709324A}.Release|x64.Build.0 = Release|x64
		{5C8A78D0-907E-4500-BB51-68921709324A}.Release|x86.ActiveCfg = Release|Win32
		{5C8A78D0-907E-4500-BB51-68921709324A}.Release|x86.Build.0 = Release|Win32
	EndGlobalSection
	GlobalSection(SolutionProperties) = preSolution
		HideSolutionNode = FALSE
	EndGlobalSection
	GlobalSection(NestedProjects) = preSolution
		{B8165F38-AF59-460A-93E9-F3038B763135} = {628129E6-D52C-4954-95DB-3CB0A04B5A49}
		{42B70E62-6EA0-4309-8F51-7635BE5054F9} = {628129E6-D52C-4954-95DB-3CB0A04B5A49}
		{BF5A8E29-DC7A-45D7-B7BC-21541379D285} = {42B70E62-6EA0-4309-8F51-7635BE5054F9}
		{62F6988A-9FDC-424C-A0A6-E041B1D55C21} = {42B70E62-6EA0-4309-8F51-7635BE5054F9}
		{196867E5-6A91-40B1-9F4B-599709A0AA47} = {B8165F38-AF59-460A-93E9-F3038B763135}
		{28383517-F3FA-4E08-80EC-F2DBAFE3B3EA} = {42B70E62-6EA0-4309-8F51-7635BE5054F9}
		{964397B0-732D-4A6F-A0B4-32A1C7DCFE2A} = {B8165F38-AF59-460A-93E9-F3038B763135}
		{351129C1-FEA8-4C71-9313-3D85A2A57A5B} = {B8165F38-AF59-460A-93E9-F3038B763135}
		{D2E8A0DA-8060-4E09-9059-54CE546246D9} = {628129E6-D52C-4954-95DB-3CB0A04B5A49}
		{5364B07B-22A1-44BE-BC11-DDAFB951C1EE} = {BF5A8E29-DC7A-45D7-B7BC-21541379D285}
		{5077964E-6DC7-4D91-A06B-41DC81074B89} = {62F6988A-9FDC-424C-A0A6-E041B1D55C21}
		{B8D20F4A-166A-44D3-99E2-004CE9004EB3} = {196867E5-6A91-40B1-9F4B-599709A0AA47}
		{5DA2ED30-967F-4BB1-89A4-F3797AD95C6B} = {D2E8A0DA-8060-4E09-9059-54CE546246D9}
		{1DD20640-C9C7-450B-AF39-B356EFCD83F9} = {D2E8A0DA-8060-4E09-9059-54CE546246D9}
		{4E61490C-341E-41B9-8F42-C9BE7103EE04} = {BF5A8E29-DC7A-45D7-B7BC-21541379D285}
		{5C8A78D0-907E-4500-BB51-68921709324A} = {62F6988A-9FDC-424C-A0A6-E041B1D55C21}
	EndGlobalSection
	GlobalSection(ExtensibilityGlobals) = postSolution
		SolutionGuid = {6F3BDBE6-A9C2-48EE-AE61-A62C22F353B8}
	EndGlobalSection
EndGlobal
