
Microsoft Visual Studio Solution File, Format Version 12.00
# Visual Studio Version 17
VisualStudioVersion = 17.10.34916.146
MinimumVisualStudioVersion = 10.0.40219.1
Project("{2150E333-8FDC-42A3-9474-1A3956D46DE8}") = "libs", "libs", "{E7FAA50C-F8D0-4713-9D6D-68FBF5571429}"
EndProject
Project("{8BC9CEB8-8B4A-11D0-8D11-00A0C91BC942}") = "String", "libs\String\String.vcxproj", "{421432C3-1532-4B15-9D48-2D1906C0EBC1}"
EndProject
Project("{2150E333-8FDC-42A3-9474-1A3956D46DE8}") = "meet_1", "meet_1", "{B19B38D0-3106-4A05-8CC7-494693728158}"
EndProject
Project("{2150E333-8FDC-42A3-9474-1A3956D46DE8}") = "homework", "homework", "{9D2F0D1D-C772-43DD-8610-CDB42F809E2F}"
EndProject
Project("{8BC9CEB8-8B4A-11D0-8D11-00A0C91BC942}") = "task_1", "meet_1\homework\task_1\task_1.vcxproj", "{B8D20F4A-166A-44D3-99E2-004CE9004EB3}"
EndProject
Project("{2150E333-8FDC-42A3-9474-1A3956D46DE8}") = "meet_2", "meet_2", "{1AEF9101-0FBA-47C8-AF35-FA84D4384AB6}"
EndProject
Project("{2150E333-8FDC-42A3-9474-1A3956D46DE8}") = "meet_3", "meet_3", "{649216F2-AE18-45E9-964F-93FFD513B029}"
EndProject
Project("{2150E333-8FDC-42A3-9474-1A3956D46DE8}") = "meet_4", "meet_4", "{1DFE8D47-B150-4065-9F84-25C5D7C5556D}"
EndProject
Project("{2150E333-8FDC-42A3-9474-1A3956D46DE8}") = "homework", "homework", "{9F4FDECB-F5C6-4E79-B179-119585B9F51B}"
EndProject
Project("{8BC9CEB8-8B4A-11D0-8D11-00A0C91BC942}") = "task_1", "meet_2\homework\task_1\task_1.vcxproj", "{14FB4704-BA2F-464A-B2D7-E7F367B072FF}"
EndProject
Project("{2150E333-8FDC-42A3-9474-1A3956D46DE8}") = "homework", "homework", "{BDD8C0DC-D183-45FF-A1CF-3D006453EB7A}"
EndProject
Project("{2150E333-8FDC-42A3-9474-1A3956D46DE8}") = "homework", "homework", "{A7F73610-D7BC-495F-9223-1D355CE48165}"
EndProject
Project("{8BC9CEB8-8B4A-11D0-8D11-00A0C91BC942}") = "task_1", "meet_3\homework\task_1\task_1.vcxproj", "{44D64B82-9064-4D29-B2D1-D63D103C9CB4}"
EndProject
Project("{8BC9CEB8-8B4A-11D0-8D11-00A0C91BC942}") = "task_1", "meet_4\homework\meet_4\task_1\task_1.vcxproj", "{029E6120-075D-493A-8889-40BDCCF60503}"
EndProject
Project("{2150E333-8FDC-42A3-9474-1A3956D46DE8}") = "meet_5", "meet_5", "{59E9027E-A1D5-40D9-A27D-1534572FAA76}"
EndProject
Project("{2150E333-8FDC-42A3-9474-1A3956D46DE8}") = "homework", "homework", "{D2150AB8-415A-4C7F-894B-2C82A406B981}"
EndProject
Project("{8BC9CEB8-8B4A-11D0-8D11-00A0C91BC942}") = "task_1", "meet_5\homework\task_1\task_1.vcxproj", "{E6C8C1EB-0F46-4F0D-AD77-8AE08B579C6A}"
EndProject
Global
	GlobalSection(SolutionConfigurationPlatforms) = preSolution
		Debug|x64 = Debug|x64
		Debug|x86 = Debug|x86
		Release|x64 = Release|x64
		Release|x86 = Release|x86
	EndGlobalSection
	GlobalSection(ProjectConfigurationPlatforms) = postSolution
		{421432C3-1532-4B15-9D48-2D1906C0EBC1}.Debug|x64.ActiveCfg = Debug|x64
		{421432C3-1532-4B15-9D48-2D1906C0EBC1}.Debug|x64.Build.0 = Debug|x64
		{421432C3-1532-4B15-9D48-2D1906C0EBC1}.Debug|x86.ActiveCfg = Debug|Win32
		{421432C3-1532-4B15-9D48-2D1906C0EBC1}.Debug|x86.Build.0 = Debug|Win32
		{421432C3-1532-4B15-9D48-2D1906C0EBC1}.Release|x64.ActiveCfg = Release|x64
		{421432C3-1532-4B15-9D48-2D1906C0EBC1}.Release|x64.Build.0 = Release|x64
		{421432C3-1532-4B15-9D48-2D1906C0EBC1}.Release|x86.ActiveCfg = Release|Win32
		{421432C3-1532-4B15-9D48-2D1906C0EBC1}.Release|x86.Build.0 = Release|Win32
		{B8D20F4A-166A-44D3-99E2-004CE9004EB3}.Debug|x64.ActiveCfg = Debug|x64
		{B8D20F4A-166A-44D3-99E2-004CE9004EB3}.Debug|x64.Build.0 = Debug|x64
		{B8D20F4A-166A-44D3-99E2-004CE9004EB3}.Debug|x86.ActiveCfg = Debug|Win32
		{B8D20F4A-166A-44D3-99E2-004CE9004EB3}.Debug|x86.Build.0 = Debug|Win32
		{B8D20F4A-166A-44D3-99E2-004CE9004EB3}.Release|x64.ActiveCfg = Release|x64
		{B8D20F4A-166A-44D3-99E2-004CE9004EB3}.Release|x64.Build.0 = Release|x64
		{B8D20F4A-166A-44D3-99E2-004CE9004EB3}.Release|x86.ActiveCfg = Release|Win32
		{B8D20F4A-166A-44D3-99E2-004CE9004EB3}.Release|x86.Build.0 = Release|Win32
		{14FB4704-BA2F-464A-B2D7-E7F367B072FF}.Debug|x64.ActiveCfg = Debug|x64
		{14FB4704-BA2F-464A-B2D7-E7F367B072FF}.Debug|x64.Build.0 = Debug|x64
		{14FB4704-BA2F-464A-B2D7-E7F367B072FF}.Debug|x86.ActiveCfg = Debug|Win32
		{14FB4704-BA2F-464A-B2D7-E7F367B072FF}.Debug|x86.Build.0 = Debug|Win32
		{14FB4704-BA2F-464A-B2D7-E7F367B072FF}.Release|x64.ActiveCfg = Release|x64
		{14FB4704-BA2F-464A-B2D7-E7F367B072FF}.Release|x64.Build.0 = Release|x64
		{14FB4704-BA2F-464A-B2D7-E7F367B072FF}.Release|x86.ActiveCfg = Release|Win32
		{14FB4704-BA2F-464A-B2D7-E7F367B072FF}.Release|x86.Build.0 = Release|Win32
		{44D64B82-9064-4D29-B2D1-D63D103C9CB4}.Debug|x64.ActiveCfg = Debug|x64
		{44D64B82-9064-4D29-B2D1-D63D103C9CB4}.Debug|x64.Build.0 = Debug|x64
		{44D64B82-9064-4D29-B2D1-D63D103C9CB4}.Debug|x86.ActiveCfg = Debug|Win32
		{44D64B82-9064-4D29-B2D1-D63D103C9CB4}.Debug|x86.Build.0 = Debug|Win32
		{44D64B82-9064-4D29-B2D1-D63D103C9CB4}.Release|x64.ActiveCfg = Release|x64
		{44D64B82-9064-4D29-B2D1-D63D103C9CB4}.Release|x64.Build.0 = Release|x64
		{44D64B82-9064-4D29-B2D1-D63D103C9CB4}.Release|x86.ActiveCfg = Release|Win32
		{44D64B82-9064-4D29-B2D1-D63D103C9CB4}.Release|x86.Build.0 = Release|Win32
		{029E6120-075D-493A-8889-40BDCCF60503}.Debug|x64.ActiveCfg = Debug|x64
		{029E6120-075D-493A-8889-40BDCCF60503}.Debug|x64.Build.0 = Debug|x64
		{029E6120-075D-493A-8889-40BDCCF60503}.Debug|x86.ActiveCfg = Debug|Win32
		{029E6120-075D-493A-8889-40BDCCF60503}.Debug|x86.Build.0 = Debug|Win32
		{029E6120-075D-493A-8889-40BDCCF60503}.Release|x64.ActiveCfg = Release|x64
		{029E6120-075D-493A-8889-40BDCCF60503}.Release|x64.Build.0 = Release|x64
		{029E6120-075D-493A-8889-40BDCCF60503}.Release|x86.ActiveCfg = Release|Win32
		{029E6120-075D-493A-8889-40BDCCF60503}.Release|x86.Build.0 = Release|Win32
		{E6C8C1EB-0F46-4F0D-AD77-8AE08B579C6A}.Debug|x64.ActiveCfg = Debug|x64
		{E6C8C1EB-0F46-4F0D-AD77-8AE08B579C6A}.Debug|x64.Build.0 = Debug|x64
		{E6C8C1EB-0F46-4F0D-AD77-8AE08B579C6A}.Debug|x86.ActiveCfg = Debug|Win32
		{E6C8C1EB-0F46-4F0D-AD77-8AE08B579C6A}.Debug|x86.Build.0 = Debug|Win32
		{E6C8C1EB-0F46-4F0D-AD77-8AE08B579C6A}.Release|x64.ActiveCfg = Release|x64
		{E6C8C1EB-0F46-4F0D-AD77-8AE08B579C6A}.Release|x64.Build.0 = Release|x64
		{E6C8C1EB-0F46-4F0D-AD77-8AE08B579C6A}.Release|x86.ActiveCfg = Release|Win32
		{E6C8C1EB-0F46-4F0D-AD77-8AE08B579C6A}.Release|x86.Build.0 = Release|Win32
	EndGlobalSection
	GlobalSection(SolutionProperties) = preSolution
		HideSolutionNode = FALSE
	EndGlobalSection
	GlobalSection(NestedProjects) = preSolution
		{421432C3-1532-4B15-9D48-2D1906C0EBC1} = {E7FAA50C-F8D0-4713-9D6D-68FBF5571429}
		{9D2F0D1D-C772-43DD-8610-CDB42F809E2F} = {B19B38D0-3106-4A05-8CC7-494693728158}
		{B8D20F4A-166A-44D3-99E2-004CE9004EB3} = {9D2F0D1D-C772-43DD-8610-CDB42F809E2F}
		{9F4FDECB-F5C6-4E79-B179-119585B9F51B} = {1AEF9101-0FBA-47C8-AF35-FA84D4384AB6}
		{14FB4704-BA2F-464A-B2D7-E7F367B072FF} = {9F4FDECB-F5C6-4E79-B179-119585B9F51B}
		{BDD8C0DC-D183-45FF-A1CF-3D006453EB7A} = {649216F2-AE18-45E9-964F-93FFD513B029}
		{A7F73610-D7BC-495F-9223-1D355CE48165} = {1DFE8D47-B150-4065-9F84-25C5D7C5556D}
		{44D64B82-9064-4D29-B2D1-D63D103C9CB4} = {BDD8C0DC-D183-45FF-A1CF-3D006453EB7A}
		{029E6120-075D-493A-8889-40BDCCF60503} = {A7F73610-D7BC-495F-9223-1D355CE48165}
		{D2150AB8-415A-4C7F-894B-2C82A406B981} = {59E9027E-A1D5-40D9-A27D-1534572FAA76}
		{E6C8C1EB-0F46-4F0D-AD77-8AE08B579C6A} = {D2150AB8-415A-4C7F-894B-2C82A406B981}
	EndGlobalSection
	GlobalSection(ExtensibilityGlobals) = postSolution
		SolutionGuid = {6F3BDBE6-A9C2-48EE-AE61-A62C22F353B8}
	EndGlobalSection
EndGlobal
