
Microsoft Visual Studio Solution File, Format Version 12.00
# Visual Studio Version 17
VisualStudioVersion = 17.10.34916.146
MinimumVisualStudioVersion = 10.0.40219.1
Project("{2150E333-8FDC-42A3-9474-1A3956D46DE8}") = "libs", "libs", "{E7FAA50C-F8D0-4713-9D6D-68FBF5571429}"
EndProject
Project("{8BC9CEB8-8B4A-11D0-8D11-00A0C91BC942}") = "String", "libs\String\String.vcxproj", "{421432C3-1532-4B15-9D48-2D1906C0EBC1}"
EndProject
Project("{2150E333-8FDC-42A3-9474-1A3956D46DE8}") = "meet_1", "meet_1", "{B19B38D0-3106-4A05-8CC7-494693728158}"
EndProject
Project("{2150E333-8FDC-42A3-9474-1A3956D46DE8}") = "homework", "homework", "{9D2F0D1D-C772-43DD-8610-CDB42F809E2F}"
EndProject
Project("{2150E333-8FDC-42A3-9474-1A3956D46DE8}") = "meet_2", "meet_2", "{1AEF9101-0FBA-47C8-AF35-FA84D4384AB6}"
EndProject
Project("{2150E333-8FDC-42A3-9474-1A3956D46DE8}") = "meet_3", "meet_3", "{649216F2-AE18-45E9-964F-93FFD513B029}"
EndProject
Project("{2150E333-8FDC-42A3-9474-1A3956D46DE8}") = "meet_4", "meet_4", "{1DFE8D47-B150-4065-9F84-25C5D7C5556D}"
EndProject
Project("{2150E333-8FDC-42A3-9474-1A3956D46DE8}") = "homework", "homework", "{9F4FDECB-F5C6-4E79-B179-119585B9F51B}"
EndProject
Project("{2150E333-8FDC-42A3-9474-1A3956D46DE8}") = "homework", "homework", "{BDD8C0DC-D183-45FF-A1CF-3D006453EB7A}"
EndProject
Project("{2150E333-8FDC-42A3-9474-1A3956D46DE8}") = "homework", "homework", "{A7F73610-D7BC-495F-9223-1D355CE48165}"
EndProject
Project("{8BC9CEB8-8B4A-11D0-8D11-00A0C91BC942}") = "task_1", "meet_4\homework\meet_4\task_1\task_1.vcxproj", "{029E6120-075D-493A-8889-40BDCCF60503}"
EndProject
Project("{2150E333-8FDC-42A3-9474-1A3956D46DE8}") = "meet_5", "meet_5", "{59E9027E-A1D5-40D9-A27D-1534572FAA76}"
EndProject
Project("{2150E333-8FDC-42A3-9474-1A3956D46DE8}") = "homework", "homework", "{D2150AB8-415A-4C7F-894B-2C82A406B981}"
EndProject
Project("{8BC9CEB8-8B4A-11D0-8D11-00A0C91BC942}") = "task_1", "meet_5\homework\task_1\task_1.vcxproj", "{E6C8C1EB-0F46-4F0D-AD77-8AE08B579C6A}"
EndProject
Project("{2150E333-8FDC-42A3-9474-1A3956D46DE8}") = "meet_6", "meet_6", "{ACD141A4-97EC-477C-A168-CB4DE18346C3}"
EndProject
Project("{2150E333-8FDC-42A3-9474-1A3956D46DE8}") = "homework", "homework", "{567CAF8E-DE1D-4750-9D2D-48F4C9CEBA01}"
EndProject
Project("{8BC9CEB8-8B4A-11D0-8D11-00A0C91BC942}") = "task_1", "meet_6\homework\task_1\task_1.vcxproj", "{7A6A09B3-E12D-415B-8E53-D767CF682222}"
EndProject
Project("{8BC9CEB8-8B4A-11D0-8D11-00A0C91BC942}") = "task_2", "meet_6\homework\task_2\task_2.vcxproj", "{D4DD7629-DE99-4E84-93C9-B1FA62F9E072}"
EndProject
Project("{2150E333-8FDC-42A3-9474-1A3956D46DE8}") = "meet_7", "meet_7", "{AF89E766-365A-4F34-9CD9-5F98FEA248B0}"
EndProject
Project("{2150E333-8FDC-42A3-9474-1A3956D46DE8}") = "homework", "homework", "{A37DB0C7-7695-4E3E-B4BE-164F36041876}"
EndProject
Project("{8BC9CEB8-8B4A-11D0-8D11-00A0C91BC942}") = "task_1", "meet_7\homework\task_1\task_1.vcxproj", "{06F7B68C-1511-4ED3-AFC5-928B55856DCD}"
EndProject
Project("{8BC9CEB8-8B4A-11D0-8D11-00A0C91BC942}") = "task_2", "meet_7\homework\task_2\task_2.vcxproj", "{1D7EB3A4-CF83-4188-9F28-CC267ACE07B8}"
EndProject
Global
	GlobalSection(SolutionConfigurationPlatforms) = preSolution
		Debug|x64 = Debug|x64
		Debug|x86 = Debug|x86
		Release|x64 = Release|x64
		Release|x86 = Release|x86
	EndGlobalSection
	GlobalSection(ProjectConfigurationPlatforms) = postSolution
		{421432C3-1532-4B15-9D48-2D1906C0EBC1}.Debug|x64.ActiveCfg = Debug|x64
		{421432C3-1532-4B15-9D48-2D1906C0EBC1}.Debug|x64.Build.0 = Debug|x64
		{421432C3-1532-4B15-9D48-2D1906C0EBC1}.Debug|x86.ActiveCfg = Debug|Win32
		{421432C3-1532-4B15-9D48-2D1906C0EBC1}.Debug|x86.Build.0 = Debug|Win32
		{421432C3-1532-4B15-9D48-2D1906C0EBC1}.Release|x64.ActiveCfg = Release|x64
		{421432C3-1532-4B15-9D48-2D1906C0EBC1}.Release|x64.Build.0 = Release|x64
		{421432C3-1532-4B15-9D48-2D1906C0EBC1}.Release|x86.ActiveCfg = Release|Win32
		{421432C3-1532-4B15-9D48-2D1906C0EBC1}.Release|x86.Build.0 = Release|Win32
		{029E6120-075D-493A-8889-40BDCCF60503}.Debug|x64.ActiveCfg = Debug|x64
		{029E6120-075D-493A-8889-40BDCCF60503}.Debug|x64.Build.0 = Debug|x64
		{029E6120-075D-493A-8889-40BDCCF60503}.Debug|x86.ActiveCfg = Debug|Win32
		{029E6120-075D-493A-8889-40BDCCF60503}.Debug|x86.Build.0 = Debug|Win32
		{029E6120-075D-493A-8889-40BDCCF60503}.Release|x64.ActiveCfg = Release|x64
		{029E6120-075D-493A-8889-40BDCCF60503}.Release|x64.Build.0 = Release|x64
		{029E6120-075D-493A-8889-40BDCCF60503}.Release|x86.ActiveCfg = Release|Win32
		{029E6120-075D-493A-8889-40BDCCF60503}.Release|x86.Build.0 = Release|Win32
		{E6C8C1EB-0F46-4F0D-AD77-8AE08B579C6A}.Debug|x64.ActiveCfg = Debug|x64
		{E6C8C1EB-0F46-4F0D-AD77-8AE08B579C6A}.Debug|x64.Build.0 = Debug|x64
		{E6C8C1EB-0F46-4F0D-AD77-8AE08B579C6A}.Debug|x86.ActiveCfg = Debug|Win32
		{E6C8C1EB-0F46-4F0D-AD77-8AE08B579C6A}.Debug|x86.Build.0 = Debug|Win32
		{E6C8C1EB-0F46-4F0D-AD77-8AE08B579C6A}.Release|x64.ActiveCfg = Release|x64
		{E6C8C1EB-0F46-4F0D-AD77-8AE08B579C6A}.Release|x64.Build.0 = Release|x64
		{E6C8C1EB-0F46-4F0D-AD77-8AE08B579C6A}.Release|x86.ActiveCfg = Release|Win32
		{E6C8C1EB-0F46-4F0D-AD77-8AE08B579C6A}.Release|x86.Build.0 = Release|Win32
		{7A6A09B3-E12D-415B-8E53-D767CF682222}.Debug|x64.ActiveCfg = Debug|x64
		{7A6A09B3-E12D-415B-8E53-D767CF682222}.Debug|x64.Build.0 = Debug|x64
		{7A6A09B3-E12D-415B-8E53-D767CF682222}.Debug|x86.ActiveCfg = Debug|Win32
		{7A6A09B3-E12D-415B-8E53-D767CF682222}.Debug|x86.Build.0 = Debug|Win32
		{7A6A09B3-E12D-415B-8E53-D767CF682222}.Release|x64.ActiveCfg = Release|x64
		{7A6A09B3-E12D-415B-8E53-D767CF682222}.Release|x64.Build.0 = Release|x64
		{7A6A09B3-E12D-415B-8E53-D767CF682222}.Release|x86.ActiveCfg = Release|Win32
		{7A6A09B3-E12D-415B-8E53-D767CF682222}.Release|x86.Build.0 = Release|Win32
		{D4DD7629-DE99-4E84-93C9-B1FA62F9E072}.Debug|x64.ActiveCfg = Debug|x64
		{D4DD7629-DE99-4E84-93C9-B1FA62F9E072}.Debug|x64.Build.0 = Debug|x64
		{D4DD7629-DE99-4E84-93C9-B1FA62F9E072}.Debug|x86.ActiveCfg = Debug|Win32
		{D4DD7629-DE99-4E84-93C9-B1FA62F9E072}.Debug|x86.Build.0 = Debug|Win32
		{D4DD7629-DE99-4E84-93C9-B1FA62F9E072}.Release|x64.ActiveCfg = Release|x64
		{D4DD7629-DE99-4E84-93C9-B1FA62F9E072}.Release|x64.Build.0 = Release|x64
		{D4DD7629-DE99-4E84-93C9-B1FA62F9E072}.Release|x86.ActiveCfg = Release|Win32
		{D4DD7629-DE99-4E84-93C9-B1FA62F9E072}.Release|x86.Build.0 = Release|Win32
		{06F7B68C-1511-4ED3-AFC5-928B55856DCD}.Debug|x64.ActiveCfg = Debug|x64
		{06F7B68C-1511-4ED3-AFC5-928B55856DCD}.Debug|x64.Build.0 = Debug|x64
		{06F7B68C-1511-4ED3-AFC5-928B55856DCD}.Debug|x86.ActiveCfg = Debug|Win32
		{06F7B68C-1511-4ED3-AFC5-928B55856DCD}.Debug|x86.Build.0 = Debug|Win32
		{06F7B68C-1511-4ED3-AFC5-928B55856DCD}.Release|x64.ActiveCfg = Release|x64
		{06F7B68C-1511-4ED3-AFC5-928B55856DCD}.Release|x64.Build.0 = Release|x64
		{06F7B68C-1511-4ED3-AFC5-928B55856DCD}.Release|x86.ActiveCfg = Release|Win32
		{06F7B68C-1511-4ED3-AFC5-928B55856DCD}.Release|x86.Build.0 = Release|Win32
		{1D7EB3A4-CF83-4188-9F28-CC267ACE07B8}.Debug|x64.ActiveCfg = Debug|x64
		{1D7EB3A4-CF83-4188-9F28-CC267ACE07B8}.Debug|x64.Build.0 = Debug|x64
		{1D7EB3A4-CF83-4188-9F28-CC267ACE07B8}.Debug|x86.ActiveCfg = Debug|Win32
		{1D7EB3A4-CF83-4188-9F28-CC267ACE07B8}.Debug|x86.Build.0 = Debug|Win32
		{1D7EB3A4-CF83-4188-9F28-CC267ACE07B8}.Release|x64.ActiveCfg = Release|x64
		{1D7EB3A4-CF83-4188-9F28-CC267ACE07B8}.Release|x64.Build.0 = Release|x64
		{1D7EB3A4-CF83-4188-9F28-CC267ACE07B8}.Release|x86.ActiveCfg = Release|Win32
		{1D7EB3A4-CF83-4188-9F28-CC267ACE07B8}.Release|x86.Build.0 = Release|Win32
	EndGlobalSection
	GlobalSection(SolutionProperties) = preSolution
		HideSolutionNode = FALSE
	EndGlobalSection
	GlobalSection(NestedProjects) = preSolution
		{421432C3-1532-4B15-9D48-2D1906C0EBC1} = {E7FAA50C-F8D0-4713-9D6D-68FBF5571429}
		{9D2F0D1D-C772-43DD-8610-CDB42F809E2F} = {B19B38D0-3106-4A05-8CC7-494693728158}
		{9F4FDECB-F5C6-4E79-B179-119585B9F51B} = {1AEF9101-0FBA-47C8-AF35-FA84D4384AB6}
		{BDD8C0DC-D183-45FF-A1CF-3D006453EB7A} = {649216F2-AE18-45E9-964F-93FFD513B029}
		{A7F73610-D7BC-495F-9223-1D355CE48165} = {1DFE8D47-B150-4065-9F84-25C5D7C5556D}
		{029E6120-075D-493A-8889-40BDCCF60503} = {A7F73610-D7BC-495F-9223-1D355CE48165}
		{D2150AB8-415A-4C7F-894B-2C82A406B981} = {59E9027E-A1D5-40D9-A27D-1534572FAA76}
		{E6C8C1EB-0F46-4F0D-AD77-8AE08B579C6A} = {D2150AB8-415A-4C7F-894B-2C82A406B981}
		{567CAF8E-DE1D-4750-9D2D-48F4C9CEBA01} = {ACD141A4-97EC-477C-A168-CB4DE18346C3}
		{7A6A09B3-E12D-415B-8E53-D767CF682222} = {567CAF8E-DE1D-4750-9D2D-48F4C9CEBA01}
		{D4DD7629-DE99-4E84-93C9-B1FA62F9E072} = {567CAF8E-DE1D-4750-9D2D-48F4C9CEBA01}
		{A37DB0C7-7695-4E3E-B4BE-164F36041876} = {AF89E766-365A-4F34-9CD9-5F98FEA248B0}
		{06F7B68C-1511-4ED3-AFC5-928B55856DCD} = {A37DB0C7-7695-4E3E-B4BE-164F36041876}
		{1D7EB3A4-CF83-4188-9F28-CC267ACE07B8} = {A37DB0C7-7695-4E3E-B4BE-164F36041876}
	EndGlobalSection
	GlobalSection(ExtensibilityGlobals) = postSolution
		SolutionGuid = {6F3BDBE6-A9C2-48EE-AE61-A62C22F353B8}
	EndGlobalSection
EndGlobal
